
Microsoft Visual Studio Solution File, Format Version 12.00
# Visual Studio 15
VisualStudioVersion = 15.0.28010.2036
MinimumVisualStudioVersion = 10.0.40219.1
Project("{FAE04EC0-301F-11D3-BF4B-00C04F79EFBC}") = "WindowsFormsApp2", "WindowsFormsApp2\WindowsFormsApp2.csproj", "{1D238E71-B0F8-4293-AFAD-E3A47B77609F}"
EndProject
Global
	GlobalSection(SolutionConfigurationPlatforms) = preSolution
		Debug|Any CPU = Debug|Any CPU
		Release|Any CPU = Release|Any CPU
	EndGlobalSection
	GlobalSection(ProjectConfigurationPlatforms) = postSolution
		{1D238E71-B0F8-4293-AFAD-E3A47B77609F}.Debug|Any CPU.ActiveCfg = Debug|Any CPU
		{1D238E71-B0F8-4293-AFAD-E3A47B77609F}.Debug|Any CPU.Build.0 = Debug|Any CPU
		{1D238E71-B0F8-4293-AFAD-E3A47B77609F}.Release|Any CPU.ActiveCfg = Release|Any CPU
		{1D238E71-B0F8-4293-AFAD-E3A47B77609F}.Release|Any CPU.Build.0 = Release|Any CPU
	EndGlobalSection
	GlobalSection(SolutionProperties) = preSolution
		HideSolutionNode = FALSE
	EndGlobalSection
	GlobalSection(ExtensibilityGlobals) = postSolution
		SolutionGuid = {ECD9F9F9-1604-4F33-84AF-8C89579C7D78}
	EndGlobalSection
EndGlobal
